
Microsoft Visual Studio Solution File, Format Version 12.00
# Visual Studio Version 17
VisualStudioVersion = 17.0.31903.59
MinimumVisualStudioVersion = 10.0.40219.1
Project("{FAE04EC0-301F-11D3-BF4B-00C04F79EFBC}") = "Testes", "Testes\Testes.csproj", "{6079FA2D-D24B-4CBB-A5ED-361113D1A19D}"
EndProject
Project("{FAE04EC0-301F-11D3-BF4B-00C04F79EFBC}") = "Calculadora", "Calculadora\Calculadora.csproj", "{AA73C064-1005-4162-B2DD-0791EBCAF994}"
EndProject
Global
	GlobalSection(SolutionConfigurationPlatforms) = preSolution
		Debug|Any CPU = Debug|Any CPU
		Release|Any CPU = Release|Any CPU
	EndGlobalSection
	GlobalSection(SolutionProperties) = preSolution
		HideSolutionNode = FALSE
	EndGlobalSection
	GlobalSection(ProjectConfigurationPlatforms) = postSolution
		{6079FA2D-D24B-4CBB-A5ED-361113D1A19D}.Debug|Any CPU.ActiveCfg = Debug|Any CPU
		{6079FA2D-D24B-4CBB-A5ED-361113D1A19D}.Debug|Any CPU.Build.0 = Debug|Any CPU
		{6079FA2D-D24B-4CBB-A5ED-361113D1A19D}.Release|Any CPU.ActiveCfg = Release|Any CPU
		{6079FA2D-D24B-4CBB-A5ED-361113D1A19D}.Release|Any CPU.Build.0 = Release|Any CPU
		{AA73C064-1005-4162-B2DD-0791EBCAF994}.Debug|Any CPU.ActiveCfg = Debug|Any CPU
		{AA73C064-1005-4162-B2DD-0791EBCAF994}.Debug|Any CPU.Build.0 = Debug|Any CPU
		{AA73C064-1005-4162-B2DD-0791EBCAF994}.Release|Any CPU.ActiveCfg = Release|Any CPU
		{AA73C064-1005-4162-B2DD-0791EBCAF994}.Release|Any CPU.Build.0 = Release|Any CPU
	EndGlobalSection
EndGlobal
